
Microsoft Visual Studio Solution File, Format Version 12.00
# Visual Studio Version 17
VisualStudioVersion = 17.0.32112.339
MinimumVisualStudioVersion = 10.0.40219.1
Project("{FAE04EC0-301F-11D3-BF4B-00C04F79EFBC}") = "Balkhanakovv.Currencies", "Balkhanakovv.Currencies.csproj", "{F181DC25-9F1E-463D-BB84-19B43E322412}"
EndProject
Global
	GlobalSection(SolutionConfigurationPlatforms) = preSolution
		Debug|Any CPU = Debug|Any CPU
		Release|Any CPU = Release|Any CPU
	EndGlobalSection
	GlobalSection(ProjectConfigurationPlatforms) = postSolution
		{F181DC25-9F1E-463D-BB84-19B43E322412}.Debug|Any CPU.ActiveCfg = Debug|Any CPU
		{F181DC25-9F1E-463D-BB84-19B43E322412}.Debug|Any CPU.Build.0 = Debug|Any CPU
		{F181DC25-9F1E-463D-BB84-19B43E322412}.Release|Any CPU.ActiveCfg = Release|Any CPU
		{F181DC25-9F1E-463D-BB84-19B43E322412}.Release|Any CPU.Build.0 = Release|Any CPU
	EndGlobalSection
	GlobalSection(SolutionProperties) = preSolution
		HideSolutionNode = FALSE
	EndGlobalSection
	GlobalSection(ExtensibilityGlobals) = postSolution
		SolutionGuid = {049BE565-2305-491F-B0B9-AC979B00AEDD}
	EndGlobalSection
EndGlobal
